
Microsoft Visual Studio Solution File, Format Version 12.00
# Visual Studio 2013
VisualStudioVersion = 12.0.20827.3
MinimumVisualStudioVersion = 10.0.40219.1
Project("{FAE04EC0-301F-11D3-BF4B-00C04F79EFBC}") = "Problem 4", "Problem 4\Problem 4.csproj", "{D7364789-AA90-4C66-A44F-9C11ADD2387F}"
EndProject
Project("{FAE04EC0-301F-11D3-BF4B-00C04F79EFBC}") = "Problem 5", "Problem 5\Problem 5.csproj", "{F50DBB71-05B9-478B-9DA2-B45BAFE2CEDA}"
EndProject
Global
	GlobalSection(SolutionConfigurationPlatforms) = preSolution
		Debug|Any CPU = Debug|Any CPU
		Release|Any CPU = Release|Any CPU
	EndGlobalSection
	GlobalSection(ProjectConfigurationPlatforms) = postSolution
		{D7364789-AA90-4C66-A44F-9C11ADD2387F}.Debug|Any CPU.ActiveCfg = Debug|Any CPU
		{D7364789-AA90-4C66-A44F-9C11ADD2387F}.Debug|Any CPU.Build.0 = Debug|Any CPU
		{D7364789-AA90-4C66-A44F-9C11ADD2387F}.Release|Any CPU.ActiveCfg = Release|Any CPU
		{D7364789-AA90-4C66-A44F-9C11ADD2387F}.Release|Any CPU.Build.0 = Release|Any CPU
		{F50DBB71-05B9-478B-9DA2-B45BAFE2CEDA}.Debug|Any CPU.ActiveCfg = Debug|Any CPU
		{F50DBB71-05B9-478B-9DA2-B45BAFE2CEDA}.Debug|Any CPU.Build.0 = Debug|Any CPU
		{F50DBB71-05B9-478B-9DA2-B45BAFE2CEDA}.Release|Any CPU.ActiveCfg = Release|Any CPU
		{F50DBB71-05B9-478B-9DA2-B45BAFE2CEDA}.Release|Any CPU.Build.0 = Release|Any CPU
	EndGlobalSection
	GlobalSection(SolutionProperties) = preSolution
		HideSolutionNode = FALSE
	EndGlobalSection
EndGlobal
